
Microsoft Visual Studio Solution File, Format Version 12.00
# Visual Studio 15
Project("{FAE04EC0-301F-11D3-BF4B-00C04F79EFBC}") = "SlackClone", "SlackClone\SlackClone.csproj", "{C77A52DA-D2F4-4611-BDE0-03FD6EFD2DDA}"
EndProject
Global
	GlobalSection(SolutionConfigurationPlatforms) = preSolution
		Debug|Any CPU = Debug|Any CPU
		Release|Any CPU = Release|Any CPU
	EndGlobalSection
	GlobalSection(ProjectConfigurationPlatforms) = postSolution
		{C77A52DA-D2F4-4611-BDE0-03FD6EFD2DDA}.Debug|Any CPU.ActiveCfg = Debug|Any CPU
		{C77A52DA-D2F4-4611-BDE0-03FD6EFD2DDA}.Debug|Any CPU.Build.0 = Debug|Any CPU
		{C77A52DA-D2F4-4611-BDE0-03FD6EFD2DDA}.Release|Any CPU.ActiveCfg = Release|Any CPU
		{C77A52DA-D2F4-4611-BDE0-03FD6EFD2DDA}.Release|Any CPU.Build.0 = Release|Any CPU
	EndGlobalSection
EndGlobal
